# This file is automatically @generated by Cargo.
# It is not intended for manual editing.
version = 3

[[package]]
name = "day10"
version = "0.1.0"
dependencies = [
 "eyre",
]

[[package]]
name = "eyre"
version = "0.6.7"
source = "registry+https://github.com/rust-lang/crates.io-index"
checksum = "9289ed2c0440a6536e65119725cf91fc2c6b5e513bfd2e36e1134d7cca6ca12f"
dependencies = [
 "indenter",
 "once_cell",
]

[[package]]
name = "indenter"
version = "0.3.3"
source = "registry+https://github.com/rust-lang/crates.io-index"
checksum = "ce23b50ad8242c51a442f3ff322d56b02f08852c77e4c0b4d3fd684abc89c683"

[[package]]
name = "once_cell"
version = "1.9.0"
source = "registry+https://github.com/rust-lang/crates.io-index"
checksum = "da32515d9f6e6e489d7bc9d84c71b060db7247dc035bbe44eac88cf87486d8d5"
